
Microsoft Visual Studio Solution File, Format Version 12.00
# Visual Studio 14
VisualStudioVersion = 14.0.25420.1
MinimumVisualStudioVersion = 10.0.40219.1
Project("{2150E333-8FDC-42A3-9474-1A3956D46DE8}") = "src", "src", "{A4C811FB-A6C3-40A1-B386-FC4E2F4FF96A}"
EndProject
Project("{2150E333-8FDC-42A3-9474-1A3956D46DE8}") = "Solution Items", "Solution Items", "{E038B9A0-A3BF-4343-B3C0-DD57162E7170}"
	ProjectSection(SolutionItems) = preProject
		global.json = global.json
	EndProjectSection
EndProject
Project("{8BB2217D-0F2D-49D1-97BC-3654ED321F3B}") = "repro-openiddict-passwordgrant", "src\repro-openiddict-passwordgrant\repro-openiddict-passwordgrant.xproj", "{922FD0E5-8485-4D73-9BAB-9A0E6BDB1193}"
EndProject
Global
	GlobalSection(SolutionConfigurationPlatforms) = preSolution
		Debug|Any CPU = Debug|Any CPU
		Release|Any CPU = Release|Any CPU
	EndGlobalSection
	GlobalSection(ProjectConfigurationPlatforms) = postSolution
		{922FD0E5-8485-4D73-9BAB-9A0E6BDB1193}.Debug|Any CPU.ActiveCfg = Debug|Any CPU
		{922FD0E5-8485-4D73-9BAB-9A0E6BDB1193}.Debug|Any CPU.Build.0 = Debug|Any CPU
		{922FD0E5-8485-4D73-9BAB-9A0E6BDB1193}.Release|Any CPU.ActiveCfg = Release|Any CPU
		{922FD0E5-8485-4D73-9BAB-9A0E6BDB1193}.Release|Any CPU.Build.0 = Release|Any CPU
	EndGlobalSection
	GlobalSection(SolutionProperties) = preSolution
		HideSolutionNode = FALSE
	EndGlobalSection
	GlobalSection(NestedProjects) = preSolution
		{922FD0E5-8485-4D73-9BAB-9A0E6BDB1193} = {A4C811FB-A6C3-40A1-B386-FC4E2F4FF96A}
	EndGlobalSection
EndGlobal
